
Microsoft Visual Studio Solution File, Format Version 12.00
# Visual Studio 15
VisualStudioVersion = 15.0.26730.16
MinimumVisualStudioVersion = 10.0.40219.1
Project("{FAE04EC0-301F-11D3-BF4B-00C04F79EFBC}") = "ClientCtrl", "ClientCtrl\ClientCtrl.csproj", "{A2D4E08B-E4CA-48D6-9A32-12DF7EC1B061}"
EndProject
Global
	GlobalSection(SolutionConfigurationPlatforms) = preSolution
		Debug|Any CPU = Debug|Any CPU
		Release|Any CPU = Release|Any CPU
	EndGlobalSection
	GlobalSection(ProjectConfigurationPlatforms) = postSolution
		{A2D4E08B-E4CA-48D6-9A32-12DF7EC1B061}.Debug|Any CPU.ActiveCfg = Debug|x86
		{A2D4E08B-E4CA-48D6-9A32-12DF7EC1B061}.Release|Any CPU.ActiveCfg = Release|x86
	EndGlobalSection
	GlobalSection(SolutionProperties) = preSolution
		HideSolutionNode = FALSE
	EndGlobalSection
	GlobalSection(ExtensibilityGlobals) = postSolution
		SolutionGuid = {0A235DDF-D7DD-458A-B47C-284558FF59DC}
	EndGlobalSection
EndGlobal
